
Microsoft Visual Studio Solution File, Format Version 12.00
# Visual Studio Version 16
VisualStudioVersion = 16.0.29020.237
MinimumVisualStudioVersion = 10.0.40219.1
Project("{9A19103F-16F7-4668-BE54-9A1E7A4F7556}") = "ssapj.BartenderComBase", "ssapj.BartenderComBase\ssapj.BartenderComBase.csproj", "{592D5877-5F9A-4F46-B0CA-8BC7970E44CB}"
EndProject
Global
	GlobalSection(SolutionConfigurationPlatforms) = preSolution
		Debug|x64 = Debug|x64
		Release|x64 = Release|x64
	EndGlobalSection
	GlobalSection(ProjectConfigurationPlatforms) = postSolution
		{592D5877-5F9A-4F46-B0CA-8BC7970E44CB}.Debug|x64.ActiveCfg = Debug|x64
		{592D5877-5F9A-4F46-B0CA-8BC7970E44CB}.Debug|x64.Build.0 = Debug|x64
		{592D5877-5F9A-4F46-B0CA-8BC7970E44CB}.Release|x64.ActiveCfg = Release|x64
		{592D5877-5F9A-4F46-B0CA-8BC7970E44CB}.Release|x64.Build.0 = Release|x64
	EndGlobalSection
	GlobalSection(SolutionProperties) = preSolution
		HideSolutionNode = FALSE
	EndGlobalSection
	GlobalSection(ExtensibilityGlobals) = postSolution
		SolutionGuid = {21FAC456-E4CC-48E5-AC2E-05DC041B98B6}
	EndGlobalSection
EndGlobal
