
Microsoft Visual Studio Solution File, Format Version 12.00
# Visual Studio Version 17
VisualStudioVersion = 17.12.35527.113
MinimumVisualStudioVersion = 10.0.40219.1
Project("{FAE04EC0-301F-11D3-BF4B-00C04F79EFBC}") = "ssapj.BartenderComBase", "ssapj.BartenderComBase\ssapj.BartenderComBase.csproj", "{9AE34EE9-4B82-4095-8D01-5985702274A6}"
EndProject
Global
	GlobalSection(SolutionConfigurationPlatforms) = preSolution
		Debug|x64 = Debug|x64
		Release|x64 = Release|x64
	EndGlobalSection
	GlobalSection(ProjectConfigurationPlatforms) = postSolution
		{9AE34EE9-4B82-4095-8D01-5985702274A6}.Debug|x64.ActiveCfg = Debug|x64
		{9AE34EE9-4B82-4095-8D01-5985702274A6}.Debug|x64.Build.0 = Debug|x64
		{9AE34EE9-4B82-4095-8D01-5985702274A6}.Release|x64.ActiveCfg = Release|x64
		{9AE34EE9-4B82-4095-8D01-5985702274A6}.Release|x64.Build.0 = Release|x64
	EndGlobalSection
	GlobalSection(SolutionProperties) = preSolution
		HideSolutionNode = FALSE
	EndGlobalSection
	GlobalSection(ExtensibilityGlobals) = postSolution
		SolutionGuid = {FA830B7A-67A1-41E9-9CF9-5E5CFBF70467}
	EndGlobalSection
EndGlobal
